
Microsoft Visual Studio Solution File, Format Version 12.00
# Visual Studio 15
VisualStudioVersion = 15.0.28307.757
MinimumVisualStudioVersion = 10.0.40219.1
Project("{8BC9CEB8-8B4A-11D0-8D11-00A0C91BC942}") = "Cory Rentz", "Cory Rentz\Cory Rentz.vcxproj", "{FEE2D5C2-8EFC-498A-B207-DB614A3A588C}"
EndProject
Global
	GlobalSection(SolutionConfigurationPlatforms) = preSolution
		Debug|x64 = Debug|x64
		Debug|x86 = Debug|x86
		Release|x64 = Release|x64
		Release|x86 = Release|x86
	EndGlobalSection
	GlobalSection(ProjectConfigurationPlatforms) = postSolution
		{FEE2D5C2-8EFC-498A-B207-DB614A3A588C}.Debug|x64.ActiveCfg = Debug|x64
		{FEE2D5C2-8EFC-498A-B207-DB614A3A588C}.Debug|x64.Build.0 = Debug|x64
		{FEE2D5C2-8EFC-498A-B207-DB614A3A588C}.Debug|x86.ActiveCfg = Debug|Win32
		{FEE2D5C2-8EFC-498A-B207-DB614A3A588C}.Debug|x86.Build.0 = Debug|Win32
		{FEE2D5C2-8EFC-498A-B207-DB614A3A588C}.Release|x64.ActiveCfg = Release|x64
		{FEE2D5C2-8EFC-498A-B207-DB614A3A588C}.Release|x64.Build.0 = Release|x64
		{FEE2D5C2-8EFC-498A-B207-DB614A3A588C}.Release|x86.ActiveCfg = Release|Win32
		{FEE2D5C2-8EFC-498A-B207-DB614A3A588C}.Release|x86.Build.0 = Release|Win32
	EndGlobalSection
	GlobalSection(SolutionProperties) = preSolution
		HideSolutionNode = FALSE
	EndGlobalSection
	GlobalSection(ExtensibilityGlobals) = postSolution
		SolutionGuid = {3FB787EB-0AAC-406B-9CCE-8F712D60D2E5}
	EndGlobalSection
EndGlobal
